
Microsoft Visual Studio Solution File, Format Version 12.00
# Visual Studio Version 16
VisualStudioVersion = 16.0.30804.86
MinimumVisualStudioVersion = 10.0.40219.1
Project("{FAE04EC0-301F-11D3-BF4B-00C04F79EFBC}") = "Corona Killer", "Corona Killer\Corona Killer.csproj", "{512FCBAB-1CB4-46C7-9DE8-49878A3FB972}"
EndProject
Global
	GlobalSection(SolutionConfigurationPlatforms) = preSolution
		Debug|Any CPU = Debug|Any CPU
		Release|Any CPU = Release|Any CPU
	EndGlobalSection
	GlobalSection(ProjectConfigurationPlatforms) = postSolution
		{512FCBAB-1CB4-46C7-9DE8-49878A3FB972}.Debug|Any CPU.ActiveCfg = Debug|Any CPU
		{512FCBAB-1CB4-46C7-9DE8-49878A3FB972}.Debug|Any CPU.Build.0 = Debug|Any CPU
		{512FCBAB-1CB4-46C7-9DE8-49878A3FB972}.Release|Any CPU.ActiveCfg = Release|Any CPU
		{512FCBAB-1CB4-46C7-9DE8-49878A3FB972}.Release|Any CPU.Build.0 = Release|Any CPU
	EndGlobalSection
	GlobalSection(SolutionProperties) = preSolution
		HideSolutionNode = FALSE
	EndGlobalSection
	GlobalSection(ExtensibilityGlobals) = postSolution
		SolutionGuid = {50DA621C-5290-4083-B944-C2391AD53DDF}
	EndGlobalSection
EndGlobal
